
Microsoft Visual Studio Solution File, Format Version 12.00
# Visual Studio Version 16
VisualStudioVersion = 16.0.31105.61
MinimumVisualStudioVersion = 10.0.40219.1
Project("{FAE04EC0-301F-11D3-BF4B-00C04F79EFBC}") = "DataProccesingAPI", "DataProccesingAPI\DataProccesingAPI.csproj", "{618D11A1-4010-4844-9102-7A23A3A31641}"
EndProject
Global
	GlobalSection(SolutionConfigurationPlatforms) = preSolution
		Debug|Any CPU = Debug|Any CPU
		Release|Any CPU = Release|Any CPU
	EndGlobalSection
	GlobalSection(ProjectConfigurationPlatforms) = postSolution
		{618D11A1-4010-4844-9102-7A23A3A31641}.Debug|Any CPU.ActiveCfg = Debug|Any CPU
		{618D11A1-4010-4844-9102-7A23A3A31641}.Debug|Any CPU.Build.0 = Debug|Any CPU
		{618D11A1-4010-4844-9102-7A23A3A31641}.Release|Any CPU.ActiveCfg = Release|Any CPU
		{618D11A1-4010-4844-9102-7A23A3A31641}.Release|Any CPU.Build.0 = Release|Any CPU
	EndGlobalSection
	GlobalSection(SolutionProperties) = preSolution
		HideSolutionNode = FALSE
	EndGlobalSection
	GlobalSection(ExtensibilityGlobals) = postSolution
		SolutionGuid = {6C434C28-AFE9-488C-B0FE-CA0CFCA363E5}
	EndGlobalSection
EndGlobal
